
Microsoft Visual Studio Solution File, Format Version 12.00
# Visual Studio Version 17
VisualStudioVersion = 17.7.34018.315
MinimumVisualStudioVersion = 10.0.40219.1
Project("{8BC9CEB8-8B4A-11D0-8D11-00A0C91BC942}") = "Project13", "Project13\Project13.vcxproj", "{2E4AB437-39B4-4042-86C1-F7A569DF423A}"
EndProject
Global
	GlobalSection(SolutionConfigurationPlatforms) = preSolution
		Debug|x64 = Debug|x64
		Debug|x86 = Debug|x86
		Release|x64 = Release|x64
		Release|x86 = Release|x86
	EndGlobalSection
	GlobalSection(ProjectConfigurationPlatforms) = postSolution
		{2E4AB437-39B4-4042-86C1-F7A569DF423A}.Debug|x64.ActiveCfg = Debug|x64
		{2E4AB437-39B4-4042-86C1-F7A569DF423A}.Debug|x64.Build.0 = Debug|x64
		{2E4AB437-39B4-4042-86C1-F7A569DF423A}.Debug|x86.ActiveCfg = Debug|Win32
		{2E4AB437-39B4-4042-86C1-F7A569DF423A}.Debug|x86.Build.0 = Debug|Win32
		{2E4AB437-39B4-4042-86C1-F7A569DF423A}.Release|x64.ActiveCfg = Release|x64
		{2E4AB437-39B4-4042-86C1-F7A569DF423A}.Release|x64.Build.0 = Release|x64
		{2E4AB437-39B4-4042-86C1-F7A569DF423A}.Release|x86.ActiveCfg = Release|Win32
		{2E4AB437-39B4-4042-86C1-F7A569DF423A}.Release|x86.Build.0 = Release|Win32
	EndGlobalSection
	GlobalSection(SolutionProperties) = preSolution
		HideSolutionNode = FALSE
	EndGlobalSection
	GlobalSection(ExtensibilityGlobals) = postSolution
		SolutionGuid = {41717369-8DAA-40C9-9C84-2EF1CBBC04AC}
	EndGlobalSection
EndGlobal
